
Microsoft Visual Studio Solution File, Format Version 12.00
# Visual Studio 15
VisualStudioVersion = 15.0.27130.2010
MinimumVisualStudioVersion = 10.0.40219.1
Project("{FAE04EC0-301F-11D3-BF4B-00C04F79EFBC}") = "DataLayer", "DataLayer\DataLayer.csproj", "{128446FC-757A-4EDA-BCAA-29DA4FEC022F}"
EndProject
Project("{FAE04EC0-301F-11D3-BF4B-00C04F79EFBC}") = "BusinessObjects", "BusinessObjects\BusinessObjects.csproj", "{3D33F217-EE8E-4ECB-AE89-BB88442A0747}"
EndProject
Project("{FAE04EC0-301F-11D3-BF4B-00C04F79EFBC}") = "BusinessLayer", "BusinessLayer\BusinessLayer.csproj", "{B0784A50-D9B5-4451-82B3-76A092978034}"
EndProject
Project("{FAE04EC0-301F-11D3-BF4B-00C04F79EFBC}") = "ApplicationLayer", "ApplicationLayer\ApplicationLayer.csproj", "{6584F1D7-B77C-41E3-A130-60E51F88DD4D}"
EndProject
Project("{FAE04EC0-301F-11D3-BF4B-00C04F79EFBC}") = "Testes", "Testes\Testes.csproj", "{8039CA15-34BE-4361-AF8F-E0309AEE5C83}"
EndProject
Global
	GlobalSection(SolutionConfigurationPlatforms) = preSolution
		Debug|Any CPU = Debug|Any CPU
		Release|Any CPU = Release|Any CPU
	EndGlobalSection
	GlobalSection(ProjectConfigurationPlatforms) = postSolution
		{128446FC-757A-4EDA-BCAA-29DA4FEC022F}.Debug|Any CPU.ActiveCfg = Debug|Any CPU
		{128446FC-757A-4EDA-BCAA-29DA4FEC022F}.Debug|Any CPU.Build.0 = Debug|Any CPU
		{128446FC-757A-4EDA-BCAA-29DA4FEC022F}.Release|Any CPU.ActiveCfg = Release|Any CPU
		{128446FC-757A-4EDA-BCAA-29DA4FEC022F}.Release|Any CPU.Build.0 = Release|Any CPU
		{3D33F217-EE8E-4ECB-AE89-BB88442A0747}.Debug|Any CPU.ActiveCfg = Debug|Any CPU
		{3D33F217-EE8E-4ECB-AE89-BB88442A0747}.Debug|Any CPU.Build.0 = Debug|Any CPU
		{3D33F217-EE8E-4ECB-AE89-BB88442A0747}.Release|Any CPU.ActiveCfg = Release|Any CPU
		{3D33F217-EE8E-4ECB-AE89-BB88442A0747}.Release|Any CPU.Build.0 = Release|Any CPU
		{B0784A50-D9B5-4451-82B3-76A092978034}.Debug|Any CPU.ActiveCfg = Debug|Any CPU
		{B0784A50-D9B5-4451-82B3-76A092978034}.Debug|Any CPU.Build.0 = Debug|Any CPU
		{B0784A50-D9B5-4451-82B3-76A092978034}.Release|Any CPU.ActiveCfg = Release|Any CPU
		{B0784A50-D9B5-4451-82B3-76A092978034}.Release|Any CPU.Build.0 = Release|Any CPU
		{6584F1D7-B77C-41E3-A130-60E51F88DD4D}.Debug|Any CPU.ActiveCfg = Debug|Any CPU
		{6584F1D7-B77C-41E3-A130-60E51F88DD4D}.Debug|Any CPU.Build.0 = Debug|Any CPU
		{6584F1D7-B77C-41E3-A130-60E51F88DD4D}.Release|Any CPU.ActiveCfg = Release|Any CPU
		{6584F1D7-B77C-41E3-A130-60E51F88DD4D}.Release|Any CPU.Build.0 = Release|Any CPU
		{8039CA15-34BE-4361-AF8F-E0309AEE5C83}.Debug|Any CPU.ActiveCfg = Debug|Any CPU
		{8039CA15-34BE-4361-AF8F-E0309AEE5C83}.Debug|Any CPU.Build.0 = Debug|Any CPU
		{8039CA15-34BE-4361-AF8F-E0309AEE5C83}.Release|Any CPU.ActiveCfg = Release|Any CPU
		{8039CA15-34BE-4361-AF8F-E0309AEE5C83}.Release|Any CPU.Build.0 = Release|Any CPU
	EndGlobalSection
	GlobalSection(SolutionProperties) = preSolution
		HideSolutionNode = FALSE
	EndGlobalSection
	GlobalSection(ExtensibilityGlobals) = postSolution
		SolutionGuid = {D4982505-A326-4239-A23F-289DE9BA59B6}
	EndGlobalSection
	GlobalSection(TeamFoundationVersionControl) = preSolution
		SccNumberOfProjects = 6
		SccEnterpriseProvider = {4CA58AB2-18FA-4F8D-95D4-32DDF27D184C}
		SccTeamFoundationServer = https://jonasandrade12.visualstudio.com/
		SccLocalPath0 = .
		SccProjectUniqueName1 = ApplicationLayer\\ApplicationLayer.csproj
		SccProjectName1 = ApplicationLayer
		SccLocalPath1 = ApplicationLayer
		SccProjectUniqueName2 = BusinessLayer\\BusinessLayer.csproj
		SccProjectName2 = BusinessLayer
		SccLocalPath2 = BusinessLayer
		SccProjectUniqueName3 = BusinessObjects\\BusinessObjects.csproj
		SccProjectName3 = BusinessObjects
		SccLocalPath3 = BusinessObjects
		SccProjectUniqueName4 = DataLayer\\DataLayer.csproj
		SccProjectName4 = DataLayer
		SccLocalPath4 = DataLayer
		SccProjectUniqueName5 = Testes\\Testes.csproj
		SccProjectName5 = Testes
		SccLocalPath5 = Testes
	EndGlobalSection
EndGlobal
